
Microsoft Visual Studio Solution File, Format Version 12.00
# Visual Studio Version 16
VisualStudioVersion = 16.0.31702.278
MinimumVisualStudioVersion = 10.0.40219.1
Project("{FAE04EC0-301F-11D3-BF4B-00C04F79EFBC}") = "PI_1", "PI_1\PI_1.csproj", "{1B1D591A-15C4-40FD-8690-62DED04A3693}"
EndProject
Project("{FAE04EC0-301F-11D3-BF4B-00C04F79EFBC}") = "PI_1.Data", "PI_1.Data\PI_1.Data.csproj", "{C4F020AC-4D63-43A6-8CD4-40FE6F366F6F}"
EndProject
Global
	GlobalSection(SolutionConfigurationPlatforms) = preSolution
		Debug|Any CPU = Debug|Any CPU
		Release|Any CPU = Release|Any CPU
	EndGlobalSection
	GlobalSection(ProjectConfigurationPlatforms) = postSolution
		{1B1D591A-15C4-40FD-8690-62DED04A3693}.Debug|Any CPU.ActiveCfg = Debug|Any CPU
		{1B1D591A-15C4-40FD-8690-62DED04A3693}.Debug|Any CPU.Build.0 = Debug|Any CPU
		{1B1D591A-15C4-40FD-8690-62DED04A3693}.Release|Any CPU.ActiveCfg = Release|Any CPU
		{1B1D591A-15C4-40FD-8690-62DED04A3693}.Release|Any CPU.Build.0 = Release|Any CPU
		{C4F020AC-4D63-43A6-8CD4-40FE6F366F6F}.Debug|Any CPU.ActiveCfg = Debug|Any CPU
		{C4F020AC-4D63-43A6-8CD4-40FE6F366F6F}.Debug|Any CPU.Build.0 = Debug|Any CPU
		{C4F020AC-4D63-43A6-8CD4-40FE6F366F6F}.Release|Any CPU.ActiveCfg = Release|Any CPU
		{C4F020AC-4D63-43A6-8CD4-40FE6F366F6F}.Release|Any CPU.Build.0 = Release|Any CPU
	EndGlobalSection
	GlobalSection(SolutionProperties) = preSolution
		HideSolutionNode = FALSE
	EndGlobalSection
	GlobalSection(ExtensibilityGlobals) = postSolution
		SolutionGuid = {FF0729BD-9AAA-4DDB-847A-82E3B46B6430}
	EndGlobalSection
EndGlobal
